// !$*UTF8*$!
{
	archiveVersion = 1;
	classes = {
	};
	objectVersion = 55;
	objects = {

/* Begin PBXBuildFile section */
		08E73B7328C471BF00E6C9AB /* AppDelegate.swift in Sources */ = {isa = PBXBuildFile; fileRef = 08E73B7228C471BF00E6C9AB /* AppDelegate.swift */; };
		08E73B7528C471BF00E6C9AB /* SceneDelegate.swift in Sources */ = {isa = PBXBuildFile; fileRef = 08E73B7428C471BF00E6C9AB /* SceneDelegate.swift */; };
		08E73B7728C471BF00E6C9AB /* ViewController.swift in Sources */ = {isa = PBXBuildFile; fileRef = 08E73B7628C471BF00E6C9AB /* ViewController.swift */; };
		08E73B7A28C471BF00E6C9AB /* Main.storyboard in Resources */ = {isa = PBXBuildFile; fileRef = 08E73B7828C471BF00E6C9AB /* Main.storyboard */; };
		08E73B7C28C471C700E6C9AB /* Assets.xcassets in Resources */ = {isa = PBXBuildFile; fileRef = 08E73B7B28C471C700E6C9AB /* Assets.xcassets */; };
		08E73B7F28C471C800E6C9AB /* LaunchScreen.storyboard in Resources */ = {isa = PBXBuildFile; fileRef = 08E73B7D28C471C800E6C9AB /* LaunchScreen.storyboard */; };
		08E73B8A28C471C800E6C9AB /* CalciBasicTests.swift in Sources */ = {isa = PBXBuildFile; fileRef = 08E73B8928C471C800E6C9AB /* CalciBasicTests.swift */; };
		08E73B9428C471C800E6C9AB /* CalciBasicUITests.swift in Sources */ = {isa = PBXBuildFile; fileRef = 08E73B9328C471C800E6C9AB /* CalciBasicUITests.swift */; };
		08E73B9628C471C800E6C9AB /* CalciBasicUITestsLaunchTests.swift in Sources */ = {isa = PBXBuildFile; fileRef = 08E73B9528C471C800E6C9AB /* CalciBasicUITestsLaunchTests.swift */; };
/* End PBXBuildFile section */

/* Begin PBXContainerItemProxy section */
		08E73B8628C471C800E6C9AB /* PBXContainerItemProxy */ = {
			isa = PBXContainerItemProxy;
			containerPortal = 08E73B6728C471BF00E6C9AB /* Project object */;
			proxyType = 1;
			remoteGlobalIDString = 08E73B6E28C471BF00E6C9AB;
			remoteInfo = CalciBasic;
		};
		08E73B9028C471C800E6C9AB /* PBXContainerItemProxy */ = {
			isa = PBXContainerItemProxy;
			containerPortal = 08E73B6728C471BF00E6C9AB /* Project object */;
			proxyType = 1;
			remoteGlobalIDString = 08E73B6E28C471BF00E6C9AB;
			remoteInfo = CalciBasic;
		};
/* End PBXContainerItemProxy section */

/* Begin PBXFileReference section */
		08E73B6F28C471BF00E6C9AB /* CalciBasic.app */ = {isa = PBXFileReference; explicitFileType = wrapper.application; includeInIndex = 0; path = CalciBasic.app; sourceTree = BUILT_PRODUCTS_DIR; };
		08E73B7228C471BF00E6C9AB /* AppDelegate.swift */ = {isa = PBXFileReference; lastKnownFileType = sourcecode.swift; path = AppDelegate.swift; sourceTree = "<group>"; };
		08E73B7428C471BF00E6C9AB /* SceneDelegate.swift */ = {isa = PBXFileReference; lastKnownFileType = sourcecode.swift; path = SceneDelegate.swift; sourceTree = "<group>"; };
		08E73B7628C471BF00E6C9AB /* ViewController.swift */ = {isa = PBXFileReference; lastKnownFileType = sourcecode.swift; path = ViewController.swift; sourceTree = "<group>"; };
		08E73B7928C471BF00E6C9AB /* Base */ = {isa = PBXFileReference; lastKnownFileType = file.storyboard; name = Base; path = Base.lproj/Main.storyboard; sourceTree = "<group>"; };
		08E73B7B28C471C700E6C9AB /* Assets.xcassets */ = {isa = PBXFileReference; lastKnownFileType = folder.assetcatalog; path = Assets.xcassets; sourceTree = "<group>"; };
		08E73B7E28C471C800E6C9AB /* Base */ = {isa = PBXFileReference; lastKnownFileType = file.storyboard; name = Base; path = Base.lproj/LaunchScreen.storyboard; sourceTree = "<group>"; };
		08E73B8028C471C800E6C9AB /* Info.plist */ = {isa = PBXFileReference; lastKnownFileType = text.plist.xml; path = Info.plist; sourceTree = "<group>"; };
		08E73B8528C471C800E6C9AB /* CalciBasicTests.xctest */ = {isa = PBXFileReference; explicitFileType = wrapper.cfbundle; includeInIndex = 0; path = CalciBasicTests.xctest; sourceTree = BUILT_PRODUCTS_DIR; };
		08E73B8928C471C800E6C9AB /* CalciBasicTests.swift */ = {isa = PBXFileReference; lastKnownFileType = sourcecode.swift; path = CalciBasicTests.swift; sourceTree = "<group>"; };
		08E73B8F28C471C800E6C9AB /* CalciBasicUITests.xctest */ = {isa = PBXFileReference; explicitFileType = wrapper.cfbundle; includeInIndex = 0; path = CalciBasicUITests.xctest; sourceTree = BUILT_PRODUCTS_DIR; };
		08E73B9328C471C800E6C9AB /* CalciBasicUITests.swift */ = {isa = PBXFileReference; lastKnownFileType = sourcecode.swift; path = CalciBasicUITests.swift; sourceTree = "<group>"; };
		08E73B9528C471C800E6C9AB /* CalciBasicUITestsLaunchTests.swift */ = {isa = PBXFileReference; lastKnownFileType = sourcecode.swift; path = CalciBasicUITestsLaunchTests.swift; sourceTree = "<group>"; };
/* End PBXFileReference section */

/* Begin PBXFrameworksBuildPhase section */
		08E73B6C28C471BF00E6C9AB /* Frameworks */ = {
			isa = PBXFrameworksBuildPhase;
			buildActionMask = 2147483647;
			files = (
			);
			runOnlyForDeploymentPostprocessing = 0;
		};
		08E73B8228C471C800E6C9AB /* Frameworks */ = {
			isa = PBXFrameworksBuildPhase;
			buildActionMask = 2147483647;
			files = (
			);
			runOnlyForDeploymentPostprocessing = 0;
		};
		08E73B8C28C471C800E6C9AB /* Frameworks */ = {
			isa = PBXFrameworksBuildPhase;
			buildActionMask = 2147483647;
			files = (
			);
			runOnlyForDeploymentPostprocessing = 0;
		};
/* End PBXFrameworksBuildPhase section */

/* Begin PBXGroup section */
		08E73B6628C471BF00E6C9AB = {
			isa = PBXGroup;
			children = (
				08E73B7128C471BF00E6C9AB /* CalciBasic */,
				08E73B8828C471C800E6C9AB /* CalciBasicTests */,
				08E73B9228C471C800E6C9AB /* CalciBasicUITests */,
				08E73B7028C471BF00E6C9AB /* Products */,
			);
			sourceTree = "<group>";
		};
		08E73B7028C471BF00E6C9AB /* Products */ = {
			isa = PBXGroup;
			children = (
				08E73B6F28C471BF00E6C9AB /* CalciBasic.app */,
				08E73B8528C471C800E6C9AB /* CalciBasicTests.xctest */,
				08E73B8F28C471C800E6C9AB /* CalciBasicUITests.xctest */,
			);
			name = Products;
			sourceTree = "<group>";
		};
		08E73B7128C471BF00E6C9AB /* CalciBasic */ = {
			isa = PBXGroup;
			children = (
				08E73B7228C471BF00E6C9AB /* AppDelegate.swift */,
				08E73B7428C471BF00E6C9AB /* SceneDelegate.swift */,
				08E73B7628C471BF00E6C9AB /* ViewController.swift */,
				08E73B7828C471BF00E6C9AB /* Main.storyboard */,
				08E73B7B28C471C700E6C9AB /* Assets.xcassets */,
				08E73B7D28C471C800E6C9AB /* LaunchScreen.storyboard */,
				08E73B8028C471C800E6C9AB /* Info.plist */,
			);
			path = CalciBasic;
			sourceTree = "<group>";
		};
		08E73B8828C471C800E6C9AB /* CalciBasicTests */ = {
			isa = PBXGroup;
			children = (
				08E73B8928C471C800E6C9AB /* CalciBasicTests.swift */,
			);
			path = CalciBasicTests;
			sourceTree = "<group>";
		};
		08E73B9228C471C800E6C9AB /* CalciBasicUITests */ = {
			isa = PBXGroup;
			children = (
				08E73B9328C471C800E6C9AB /* CalciBasicUITests.swift */,
				08E73B9528C471C800E6C9AB /* CalciBasicUITestsLaunchTests.swift */,
			);
			path = CalciBasicUITests;
			sourceTree = "<group>";
		};
/* End PBXGroup section */

/* Begin PBXNativeTarget section */
		08E73B6E28C471BF00E6C9AB /* CalciBasic */ = {
			isa = PBXNativeTarget;
			buildConfigurationList = 08E73B9928C471C800E6C9AB /* Build configuration list for PBXNativeTarget "CalciBasic" */;
			buildPhases = (
				08E73B6B28C471BF00E6C9AB /* Sources */,
				08E73B6C28C471BF00E6C9AB /* Frameworks */,
				08E73B6D28C471BF00E6C9AB /* Resources */,
			);
			buildRules = (
			);
			dependencies = (
			);
			name = CalciBasic;
			productName = CalciBasic;
			productReference = 08E73B6F28C471BF00E6C9AB /* CalciBasic.app */;
			productType = "com.apple.product-type.application";
		};
		08E73B8428C471C800E6C9AB /* CalciBasicTests */ = {
			isa = PBXNativeTarget;
			buildConfigurationList = 08E73B9C28C471C800E6C9AB /* Build configuration list for PBXNativeTarget "CalciBasicTests" */;
			buildPhases = (
				08E73B8128C471C800E6C9AB /* Sources */,
				08E73B8228C471C800E6C9AB /* Frameworks */,
				08E73B8328C471C800E6C9AB /* Resources */,
			);
			buildRules = (
			);
			dependencies = (
				08E73B8728C471C800E6C9AB /* PBXTargetDependency */,
			);
			name = CalciBasicTests;
			productName = CalciBasicTests;
			productReference = 08E73B8528C471C800E6C9AB /* CalciBasicTests.xctest */;
			productType = "com.apple.product-type.bundle.unit-test";
		};
		08E73B8E28C471C800E6C9AB /* CalciBasicUITests */ = {
			isa = PBXNativeTarget;
			buildConfigurationList = 08E73B9F28C471C800E6C9AB /* Build configuration list for PBXNativeTarget "CalciBasicUITests" */;
			buildPhases = (
				08E73B8B28C471C800E6C9AB /* Sources */,
				08E73B8C28C471C800E6C9AB /* Frameworks */,
				08E73B8D28C471C800E6C9AB /* Resources */,
			);
			buildRules = (
			);
			dependencies = (
				08E73B9128C471C800E6C9AB /* PBXTargetDependency */,
			);
			name = CalciBasicUITests;
			productName = CalciBasicUITests;
			productReference = 08E73B8F28C471C800E6C9AB /* CalciBasicUITests.xctest */;
			productType = "com.apple.product-type.bundle.ui-testing";
		};
/* End PBXNativeTarget section */

/* Begin PBXProject section */
		08E73B6728C471BF00E6C9AB /* Project object */ = {
			isa = PBXProject;
			attributes = {
				BuildIndependentTargetsInParallel = 1;
				LastSwiftUpdateCheck = 1330;
				LastUpgradeCheck = 1330;
				TargetAttributes = {
					08E73B6E28C471BF00E6C9AB = {
						CreatedOnToolsVersion = 13.3;
					};
					08E73B8428C471C800E6C9AB = {
						CreatedOnToolsVersion = 13.3;
						TestTargetID = 08E73B6E28C471BF00E6C9AB;
					};
					08E73B8E28C471C800E6C9AB = {
						CreatedOnToolsVersion = 13.3;
						TestTargetID = 08E73B6E28C471BF00E6C9AB;
					};
				};
			};
			buildConfigurationList = 08E73B6A28C471BF00E6C9AB /* Build configuration list for PBXProject "CalciBasic" */;
			compatibilityVersion = "Xcode 13.0";
			developmentRegion = en;
			hasScannedForEncodings = 0;
			knownRegions = (
				en,
				Base,
			);
			mainGroup = 08E73B6628C471BF00E6C9AB;
			productRefGroup = 08E73B7028C471BF00E6C9AB /* Products */;
			projectDirPath = "";
			projectRoot = "";
			targets = (
				08E73B6E28C471BF00E6C9AB /* CalciBasic */,
				08E73B8428C471C800E6C9AB /* CalciBasicTests */,
				08E73B8E28C471C800E6C9AB /* CalciBasicUITests */,
			);
		};
/* End PBXProject section */

/* Begin PBXResourcesBuildPhase section */
		08E73B6D28C471BF00E6C9AB /* Resources */ = {
			isa = PBXResourcesBuildPhase;
			buildActionMask = 2147483647;
			files = (
				08E73B7F28C471C800E6C9AB /* LaunchScreen.storyboard in Resources */,
				08E73B7C28C471C700E6C9AB /* Assets.xcassets in Resources */,
				08E73B7A28C471BF00E6C9AB /* Main.storyboard in Resources */,
			);
			runOnlyForDeploymentPostprocessing = 0;
		};
		08E73B8328C471C800E6C9AB /* Resources */ = {
			isa = PBXResourcesBuildPhase;
			buildActionMask = 2147483647;
			files = (
			);
			runOnlyForDeploymentPostprocessing = 0;
		};
		08E73B8D28C471C800E6C9AB /* Resources */ = {
			isa = PBXResourcesBuildPhase;
			buildActionMask = 2147483647;
			files = (
			);
			runOnlyForDeploymentPostprocessing = 0;
		};
/* End PBXResourcesBuildPhase section */

/* Begin PBXSourcesBuildPhase section */
		08E73B6B28C471BF00E6C9AB /* Sources */ = {
			isa = PBXSourcesBuildPhase;
			buildActionMask = 2147483647;
			files = (
				08E73B7728C471BF00E6C9AB /* ViewController.swift in Sources */,
				08E73B7328C471BF00E6C9AB /* AppDelegate.swift in Sources */,
				08E73B7528C471BF00E6C9AB /* SceneDelegate.swift in Sources */,
			);
			runOnlyForDeploymentPostprocessing = 0;
		};
		08E73B8128C471C800E6C9AB /* Sources */ = {
			isa = PBXSourcesBuildPhase;
			buildActionMask = 2147483647;
			files = (
				08E73B8A28C471C800E6C9AB /* CalciBasicTests.swift in Sources */,
			);
			runOnlyForDeploymentPostprocessing = 0;
		};
		08E73B8B28C471C800E6C9AB /* Sources */ = {
			isa = PBXSourcesBuildPhase;
			buildActionMask = 2147483647;
			files = (
				08E73B9628C471C800E6C9AB /* CalciBasicUITestsLaunchTests.swift in Sources */,
				08E73B9428C471C800E6C9AB /* CalciBasicUITests.swift in Sources */,
			);
			runOnlyForDeploymentPostprocessing = 0;
		};
/* End PBXSourcesBuildPhase section */

/* Begin PBXTargetDependency section */
		08E73B8728C471C800E6C9AB /* PBXTargetDependency */ = {
			isa = PBXTargetDependency;
			target = 08E73B6E28C471BF00E6C9AB /* CalciBasic */;
			targetProxy = 08E73B8628C471C800E6C9AB /* PBXContainerItemProxy */;
		};
		08E73B9128C471C800E6C9AB /* PBXTargetDependency */ = {
			isa = PBXTargetDependency;
			target = 08E73B6E28C471BF00E6C9AB /* CalciBasic */;
			targetProxy = 08E73B9028C471C800E6C9AB /* PBXContainerItemProxy */;
		};
/* End PBXTargetDependency section */

/* Begin PBXVariantGroup section */
		08E73B7828C471BF00E6C9AB /* Main.storyboard */ = {
			isa = PBXVariantGroup;
			children = (
				08E73B7928C471BF00E6C9AB /* Base */,
			);
			name = Main.storyboard;
			sourceTree = "<group>";
		};
		08E73B7D28C471C800E6C9AB /* LaunchScreen.storyboard */ = {
			isa = PBXVariantGroup;
			children = (
				08E73B7E28C471C800E6C9AB /* Base */,
			);
			name = LaunchScreen.storyboard;
			sourceTree = "<group>";
		};
/* End PBXVariantGroup section */

/* Begin XCBuildConfiguration section */
		08E73B9728C471C800E6C9AB /* Debug */ = {
			isa = XCBuildConfiguration;
			buildSettings = {
				ALWAYS_SEARCH_USER_PATHS = NO;
				CLANG_ANALYZER_NONNULL = YES;
				CLANG_ANALYZER_NUMBER_OBJECT_CONVERSION = YES_AGGRESSIVE;
				CLANG_CXX_LANGUAGE_STANDARD = "gnu++17";
				CLANG_ENABLE_MODULES = YES;
				CLANG_ENABLE_OBJC_ARC = YES;
				CLANG_ENABLE_OBJC_WEAK = YES;
				CLANG_WARN_BLOCK_CAPTURE_AUTORELEASING = YES;
				CLANG_WARN_BOOL_CONVERSION = YES;
				CLANG_WARN_COMMA = YES;
				CLANG_WARN_CONSTANT_CONVERSION = YES;
				CLANG_WARN_DEPRECATED_OBJC_IMPLEMENTATIONS = YES;
				CLANG_WARN_DIRECT_OBJC_ISA_USAGE = YES_ERROR;
				CLANG_WARN_DOCUMENTATION_COMMENTS = YES;
				CLANG_WARN_EMPTY_BODY = YES;
				CLANG_WARN_ENUM_CONVERSION = YES;
				CLANG_WARN_INFINITE_RECURSION = YES;
				CLANG_WARN_INT_CONVERSION = YES;
				CLANG_WARN_NON_LITERAL_NULL_CONVERSION = YES;
				CLANG_WARN_OBJC_IMPLICIT_RETAIN_SELF = YES;
				CLANG_WARN_OBJC_LITERAL_CONVERSION = YES;
				CLANG_WARN_OBJC_ROOT_CLASS = YES_ERROR;
				CLANG_WARN_QUOTED_INCLUDE_IN_FRAMEWORK_HEADER = YES;
				CLANG_WARN_RANGE_LOOP_ANALYSIS = YES;
				CLANG_WARN_STRICT_PROTOTYPES = YES;
				CLANG_WARN_SUSPICIOUS_MOVE = YES;
				CLANG_WARN_UNGUARDED_AVAILABILITY = YES_AGGRESSIVE;
				CLANG_WARN_UNREACHABLE_CODE = YES;
				CLANG_WARN__DUPLICATE_METHOD_MATCH = YES;
				COPY_PHASE_STRIP = NO;
				DEBUG_INFORMATION_FORMAT = dwarf;
				ENABLE_STRICT_OBJC_MSGSEND = YES;
				ENABLE_TESTABILITY = YES;
				GCC_C_LANGUAGE_STANDARD = gnu11;
				GCC_DYNAMIC_NO_PIC = NO;
				GCC_NO_COMMON_BLOCKS = YES;
				GCC_OPTIMIZATION_LEVEL = 0;
				GCC_PREPROCESSOR_DEFINITIONS = (
					"DEBUG=1",
					"$(inherited)",
				);
				GCC_WARN_64_TO_32_BIT_CONVERSION = YES;
				GCC_WARN_ABOUT_RETURN_TYPE = YES_ERROR;
				GCC_WARN_UNDECLARED_SELECTOR = YES;
				GCC_WARN_UNINITIALIZED_AUTOS = YES_AGGRESSIVE;
				GCC_WARN_UNUSED_FUNCTION = YES;
				GCC_WARN_UNUSED_VARIABLE = YES;
				IPHONEOS_DEPLOYMENT_TARGET = 15.4;
				MTL_ENABLE_DEBUG_INFO = INCLUDE_SOURCE;
				MTL_FAST_MATH = YES;
				ONLY_ACTIVE_ARCH = YES;
				SDKROOT = iphoneos;
				SWIFT_ACTIVE_COMPILATION_CONDITIONS = DEBUG;
				SWIFT_OPTIMIZATION_LEVEL = "-Onone";
			};
			name = Debug;
		};
		08E73B9828C471C800E6C9AB /* Release */ = {
			isa = XCBuildConfiguration;
			buildSettings = {
				ALWAYS_SEARCH_USER_PATHS = NO;
				CLANG_ANALYZER_NONNULL = YES;
				CLANG_ANALYZER_NUMBER_OBJECT_CONVERSION = YES_AGGRESSIVE;
				CLANG_CXX_LANGUAGE_STANDARD = "gnu++17";
				CLANG_ENABLE_MODULES = YES;
				CLANG_ENABLE_OBJC_ARC = YES;
				CLANG_ENABLE_OBJC_WEAK = YES;
				CLANG_WARN_BLOCK_CAPTURE_AUTORELEASING = YES;
				CLANG_WARN_BOOL_CONVERSION = YES;
				CLANG_WARN_COMMA = YES;
				CLANG_WARN_CONSTANT_CONVERSION = YES;
				CLANG_WARN_DEPRECATED_OBJC_IMPLEMENTATIONS = YES;
				CLANG_WARN_DIRECT_OBJC_ISA_USAGE = YES_ERROR;
				CLANG_WARN_DOCUMENTATION_COMMENTS = YES;
				CLANG_WARN_EMPTY_BODY = YES;
				CLANG_WARN_ENUM_CONVERSION = YES;
				CLANG_WARN_INFINITE_RECURSION = YES;
				CLANG_WARN_INT_CONVERSION = YES;
				CLANG_WARN_NON_LITERAL_NULL_CONVERSION = YES;
				CLANG_WARN_OBJC_IMPLICIT_RETAIN_SELF = YES;
				CLANG_WARN_OBJC_LITERAL_CONVERSION = YES;
				CLANG_WARN_OBJC_ROOT_CLASS = YES_ERROR;
				CLANG_WARN_QUOTED_INCLUDE_IN_FRAMEWORK_HEADER = YES;
				CLANG_WARN_RANGE_LOOP_ANALYSIS = YES;
				CLANG_WARN_STRICT_PROTOTYPES = YES;
				CLANG_WARN_SUSPICIOUS_MOVE = YES;
				CLANG_WARN_UNGUARDED_AVAILABILITY = YES_AGGRESSIVE;
				CLANG_WARN_UNREACHABLE_CODE = YES;
				CLANG_WARN__DUPLICATE_METHOD_MATCH = YES;
				COPY_PHASE_STRIP = NO;
				DEBUG_INFORMATION_FORMAT = "dwarf-with-dsym";
				ENABLE_NS_ASSERTIONS = NO;
				ENABLE_STRICT_OBJC_MSGSEND = YES;
				GCC_C_LANGUAGE_STANDARD = gnu11;
				GCC_NO_COMMON_BLOCKS = YES;
				GCC_WARN_64_TO_32_BIT_CONVERSION = YES;
				GCC_WARN_ABOUT_RETURN_TYPE = YES_ERROR;
				GCC_WARN_UNDECLARED_SELECTOR = YES;
				GCC_WARN_UNINITIALIZED_AUTOS = YES_AGGRESSIVE;
				GCC_WARN_UNUSED_FUNCTION = YES;
				GCC_WARN_UNUSED_VARIABLE = YES;
				IPHONEOS_DEPLOYMENT_TARGET = 15.4;
				MTL_ENABLE_DEBUG_INFO = NO;
				MTL_FAST_MATH = YES;
				SDKROOT = iphoneos;
				SWIFT_COMPILATION_MODE = wholemodule;
				SWIFT_OPTIMIZATION_LEVEL = "-O";
				VALIDATE_PRODUCT = YES;
			};
			name = Release;
		};
		08E73B9A28C471C800E6C9AB /* Debug */ = {
			isa = XCBuildConfiguration;
			buildSettings = {
				ASSETCATALOG_COMPILER_APPICON_NAME = AppIcon;
				ASSETCATALOG_COMPILER_GLOBAL_ACCENT_COLOR_NAME = AccentColor;
				CODE_SIGN_STYLE = Automatic;
				CURRENT_PROJECT_VERSION = 1;
				GENERATE_INFOPLIST_FILE = YES;
				INFOPLIST_FILE = CalciBasic/Info.plist;
				INFOPLIST_KEY_UIApplicationSupportsIndirectInputEvents = YES;
				INFOPLIST_KEY_UILaunchStoryboardName = LaunchScreen;
				INFOPLIST_KEY_UIMainStoryboardFile = Main;
				INFOPLIST_KEY_UISupportedInterfaceOrientations_iPad = "UIInterfaceOrientationPortrait UIInterfaceOrientationPortraitUpsideDown UIInterfaceOrientationLandscapeLeft UIInterfaceOrientationLandscapeRight";
				INFOPLIST_KEY_UISupportedInterfaceOrientations_iPhone = "UIInterfaceOrientationPortrait UIInterfaceOrientationLandscapeLeft UIInterfaceOrientationLandscapeRight";
				LD_RUNPATH_SEARCH_PATHS = (
					"$(inherited)",
					"@executable_path/Frameworks",
				);
				MARKETING_VERSION = 1.0;
				PRODUCT_BUNDLE_IDENTIFIER = com.flyingfrenzy.CalciBasic;
				PRODUCT_NAME = "$(TARGET_NAME)";
				SWIFT_EMIT_LOC_STRINGS = YES;
				SWIFT_VERSION = 5.0;
				TARGETED_DEVICE_FAMILY = "1,2";
			};
			name = Debug;
		};
		08E73B9B28C471C800E6C9AB /* Release */ = {
			isa = XCBuildConfiguration;
			buildSettings = {
				ASSETCATALOG_COMPILER_APPICON_NAME = AppIcon;
				ASSETCATALOG_COMPILER_GLOBAL_ACCENT_COLOR_NAME = AccentColor;
				CODE_SIGN_STYLE = Automatic;
				CURRENT_PROJECT_VERSION = 1;
				GENERATE_INFOPLIST_FILE = YES;
				INFOPLIST_FILE = CalciBasic/Info.plist;
				INFOPLIST_KEY_UIApplicationSupportsIndirectInputEvents = YES;
				INFOPLIST_KEY_UILaunchStoryboardName = LaunchScreen;
				INFOPLIST_KEY_UIMainStoryboardFile = Main;
				INFOPLIST_KEY_UISupportedInterfaceOrientations_iPad = "UIInterfaceOrientationPortrait UIInterfaceOrientationPortraitUpsideDown UIInterfaceOrientationLandscapeLeft UIInterfaceOrientationLandscapeRight";
				INFOPLIST_KEY_UISupportedInterfaceOrientations_iPhone = "UIInterfaceOrientationPortrait UIInterfaceOrientationLandscapeLeft UIInterfaceOrientationLandscapeRight";
				LD_RUNPATH_SEARCH_PATHS = (
					"$(inherited)",
					"@executable_path/Frameworks",
				);
				MARKETING_VERSION = 1.0;
				PRODUCT_BUNDLE_IDENTIFIER = com.flyingfrenzy.CalciBasic;
				PRODUCT_NAME = "$(TARGET_NAME)";
				SWIFT_EMIT_LOC_STRINGS = YES;
				SWIFT_VERSION = 5.0;
				TARGETED_DEVICE_FAMILY = "1,2";
			};
			name = Release;
		};
		08E73B9D28C471C800E6C9AB /* Debug */ = {
			isa = XCBuildConfiguration;
			buildSettings = {
				ALWAYS_EMBED_SWIFT_STANDARD_LIBRARIES = YES;
				BUNDLE_LOADER = "$(TEST_HOST)";
				CODE_SIGN_STYLE = Automatic;
				CURRENT_PROJECT_VERSION = 1;
				GENERATE_INFOPLIST_FILE = YES;
				IPHONEOS_DEPLOYMENT_TARGET = 15.4;
				MARKETING_VERSION = 1.0;
				PRODUCT_BUNDLE_IDENTIFIER = com.flyingfrenzy.CalciBasicTests;
				PRODUCT_NAME = "$(TARGET_NAME)";
				SWIFT_EMIT_LOC_STRINGS = NO;
				SWIFT_VERSION = 5.0;
				TARGETED_DEVICE_FAMILY = "1,2";
				TEST_HOST = "$(BUILT_PRODUCTS_DIR)/CalciBasic.app/CalciBasic";
			};
			name = Debug;
		};
		08E73B9E28C471C800E6C9AB /* Release */ = {
			isa = XCBuildConfiguration;
			buildSettings = {
				ALWAYS_EMBED_SWIFT_STANDARD_LIBRARIES = YES;
				BUNDLE_LOADER = "$(TEST_HOST)";
				CODE_SIGN_STYLE = Automatic;
				CURRENT_PROJECT_VERSION = 1;
				GENERATE_INFOPLIST_FILE = YES;
				IPHONEOS_DEPLOYMENT_TARGET = 15.4;
				MARKETING_VERSION = 1.0;
				PRODUCT_BUNDLE_IDENTIFIER = com.flyingfrenzy.CalciBasicTests;
				PRODUCT_NAME = "$(TARGET_NAME)";
				SWIFT_EMIT_LOC_STRINGS = NO;
				SWIFT_VERSION = 5.0;
				TARGETED_DEVICE_FAMILY = "1,2";
				TEST_HOST = "$(BUILT_PRODUCTS_DIR)/CalciBasic.app/CalciBasic";
			};
			name = Release;
		};
		08E73BA028C471C800E6C9AB /* Debug */ = {
			isa = XCBuildConfiguration;
			buildSettings = {
				ALWAYS_EMBED_SWIFT_STANDARD_LIBRARIES = YES;
				CODE_SIGN_STYLE = Automatic;
				CURRENT_PROJECT_VERSION = 1;
				GENERATE_INFOPLIST_FILE = YES;
				MARKETING_VERSION = 1.0;
				PRODUCT_BUNDLE_IDENTIFIER = com.flyingfrenzy.CalciBasicUITests;
				PRODUCT_NAME = "$(TARGET_NAME)";
				SWIFT_EMIT_LOC_STRINGS = NO;
				SWIFT_VERSION = 5.0;
				TARGETED_DEVICE_FAMILY = "1,2";
				TEST_TARGET_NAME = CalciBasic;
			};
			name = Debug;
		};
		08E73BA128C471C800E6C9AB /* Release */ = {
			isa = XCBuildConfiguration;
			buildSettings = {
				ALWAYS_EMBED_SWIFT_STANDARD_LIBRARIES = YES;
				CODE_SIGN_STYLE = Automatic;
				CURRENT_PROJECT_VERSION = 1;
				GENERATE_INFOPLIST_FILE = YES;
				MARKETING_VERSION = 1.0;
				PRODUCT_BUNDLE_IDENTIFIER = com.flyingfrenzy.CalciBasicUITests;
				PRODUCT_NAME = "$(TARGET_NAME)";
				SWIFT_EMIT_LOC_STRINGS = NO;
				SWIFT_VERSION = 5.0;
				TARGETED_DEVICE_FAMILY = "1,2";
				TEST_TARGET_NAME = CalciBasic;
			};
			name = Release;
		};
/* End XCBuildConfiguration section */

/* Begin XCConfigurationList section */
		08E73B6A28C471BF00E6C9AB /* Build configuration list for PBXProject "CalciBasic" */ = {
			isa = XCConfigurationList;
			buildConfigurations = (
				08E73B9728C471C800E6C9AB /* Debug */,
				08E73B9828C471C800E6C9AB /* Release */,
			);
			defaultConfigurationIsVisible = 0;
			defaultConfigurationName = Release;
		};
		08E73B9928C471C800E6C9AB /* Build configuration list for PBXNativeTarget "CalciBasic" */ = {
			isa = XCConfigurationList;
			buildConfigurations = (
				08E73B9A28C471C800E6C9AB /* Debug */,
				08E73B9B28C471C800E6C9AB /* Release */,
			);
			defaultConfigurationIsVisible = 0;
			defaultConfigurationName = Release;
		};
		08E73B9C28C471C800E6C9AB /* Build configuration list for PBXNativeTarget "CalciBasicTests" */ = {
			isa = XCConfigurationList;
			buildConfigurations = (
				08E73B9D28C471C800E6C9AB /* Debug */,
				08E73B9E28C471C800E6C9AB /* Release */,
			);
			defaultConfigurationIsVisible = 0;
			defaultConfigurationName = Release;
		};
		08E73B9F28C471C800E6C9AB /* Build configuration list for PBXNativeTarget "CalciBasicUITests" */ = {
			isa = XCConfigurationList;
			buildConfigurations = (
				08E73BA028C471C800E6C9AB /* Debug */,
				08E73BA128C471C800E6C9AB /* Release */,
			);
			defaultConfigurationIsVisible = 0;
			defaultConfigurationName = Release;
		};
/* End XCConfigurationList section */
	};
	rootObject = 08E73B6728C471BF00E6C9AB /* Project object */;
}
